lockfileVersion: '9.0'

settings:
  autoInstallPeers: true
  excludeLinksFromLockfile: false

pnpmfileChecksum: sha256-ZfwGjIvQgPR9mEJg5iihJauZ5iv1Ogj5lI/dgVj7pgI=

importers:

  .:
    devDependencies:
      '@actions/github-script':
        specifier: github:actions/github-script#v8.0.0
        version: https://codeload.github.com/actions/github-script/tar.gz/ed597411d8f924073f98dfc5c65a23a2325f34cd
      '@octokit/core':
        specifier: 7.0.6
        version: 7.0.6
      '@pnpm/lockfile-file':
        specifier: 9.1.3
        version: 9.1.3(@pnpm/logger@5.2.0)
      '@types/node':
        specifier: 24.10.1
        version: 24.10.1
      '@types/semver':
        specifier: 7.7.1
        version: 7.7.1
      csv-parse:
        specifier: 6.1.0
        version: 6.1.0
      husky:
        specifier: 9.1.7
        version: 9.1.7
      octokit:
        specifier: 5.0.5
        version: 5.0.5
      prettier:
        specifier: 3.6.2
        version: 3.6.2
      semver:
        specifier: 7.7.3
        version: 7.7.3
      typescript:
        specifier: 5.9.3
        version: 5.9.3

packages:

  '@actions/core@1.11.1':
    resolution: {integrity: sha512-hXJCSrkwfA46Vd9Z3q4cpEpHB1rL5NG04+/rbqW9d3+CSvtB1tYe8UTpAlixa1vj0m/ULglfEK2UKxMGxCxv5A==}

  '@actions/exec@1.1.1':
    resolution: {integrity: sha512-+sCcHHbVdk93a0XT19ECtO/gIXoxvdsgQLzb2fE2/5sIZmWQuluYyjPQtrtTHdU1YzTZ7bAPN4sITq2xi1679w==}

  '@actions/github-script@https://codeload.github.com/actions/github-script/tar.gz/ed597411d8f924073f98dfc5c65a23a2325f34cd':
    resolution: {tarball: https://codeload.github.com/actions/github-script/tar.gz/ed597411d8f924073f98dfc5c65a23a2325f34cd}
    version: 7.0.1
    engines: {node: '>=24'}

  '@actions/github@6.0.1':
    resolution: {integrity: sha512-xbZVcaqD4XnQAe35qSQqskb3SqIAfRyLBrHMd/8TuL7hJSz2QtbDwnNM8zWx4zO5l2fnGtseNE3MbEvD7BxVMw==}

  '@actions/glob@0.4.0':
    resolution: {integrity: sha512-+eKIGFhsFa4EBwaf/GMyzCdWrXWymGXfFmZU3FHQvYS8mPcHtTtZONbkcqqUMzw9mJ/pImEBFET1JNifhqGsAQ==}

  '@actions/http-client@2.2.3':
    resolution: {integrity: sha512-mx8hyJi/hjFvbPokCg4uRd4ZX78t+YyRPtnKWwIl+RzNaVuFpQHfmlGVfsKEJN8LwTCvL+DfVgAM04XaHkm6bA==}

  '@actions/io@1.1.3':
    resolution: {integrity: sha512-wi9JjgKLYS7U/z8PPbco+PvTb/nRWjeoFlJ1Qer83k/3C5PHQi28hiVdeE2kHXmIL99mQFawx8qt/JPjZilJ8Q==}

  '@fastify/busboy@2.1.1':
    resolution: {integrity: sha512-vBZP4NlzfOlerQTnba4aqZoMhE/a9HY7HRqoOPaETQcSQuWEIyZMHGfVu6w9wGtGK5fED5qRs2DteVCjOH60sA==}
    engines: {node: '>=14'}

  '@octokit/app@16.1.2':
    resolution: {integrity: sha512-8j7sEpUYVj18dxvh0KWj6W/l6uAiVRBl1JBDVRqH1VHKAO/G5eRVl4yEoYACjakWers1DjUkcCHyJNQK47JqyQ==}
    engines: {node: '>= 20'}

  '@octokit/auth-app@8.1.2':
    resolution: {integrity: sha512-db8VO0PqXxfzI6GdjtgEFHY9tzqUql5xMFXYA12juq8TeTgPAuiiP3zid4h50lwlIP457p5+56PnJOgd2GGBuw==}
    engines: {node: '>= 20'}

  '@octokit/auth-oauth-app@9.0.3':
    resolution: {integrity: sha512-+yoFQquaF8OxJSxTb7rnytBIC2ZLbLqA/yb71I4ZXT9+Slw4TziV9j/kyGhUFRRTF2+7WlnIWsePZCWHs+OGjg==}
    engines: {node: '>= 20'}

  '@octokit/auth-oauth-device@8.0.3':
    resolution: {integrity: sha512-zh2W0mKKMh/VWZhSqlaCzY7qFyrgd9oTWmTmHaXnHNeQRCZr/CXy2jCgHo4e4dJVTiuxP5dLa0YM5p5QVhJHbw==}
    engines: {node: '>= 20'}

  '@octokit/auth-oauth-user@6.0.2':
    resolution: {integrity: sha512-qLoPPc6E6GJoz3XeDG/pnDhJpTkODTGG4kY0/Py154i/I003O9NazkrwJwRuzgCalhzyIeWQ+6MDvkUmKXjg/A==}
    engines: {node: '>= 20'}

  '@octokit/auth-token@4.0.0':
    resolution: {integrity: sha512-tY/msAuJo6ARbK6SPIxZrPBms3xPbfwBrulZe0Wtr/DIY9lje2HeV1uoebShn6mx7SjCHif6EjMvoREj+gZ+SA==}
    engines: {node: '>= 18'}

  '@octokit/auth-token@6.0.0':
    resolution: {integrity: sha512-P4YJBPdPSpWTQ1NU4XYdvHvXJJDxM6YwpS0FZHRgP7YFkdVxsWcpWGy/NVqlAA7PcPCnMacXlRm1y2PFZRWL/w==}
    engines: {node: '>= 20'}

  '@octokit/auth-unauthenticated@7.0.3':
    resolution: {integrity: sha512-8Jb1mtUdmBHL7lGmop9mU9ArMRUTRhg8vp0T1VtZ4yd9vEm3zcLwmjQkhNEduKawOOORie61xhtYIhTDN+ZQ3g==}
    engines: {node: '>= 20'}

  '@octokit/core@5.2.2':
    resolution: {integrity: sha512-/g2d4sW9nUDJOMz3mabVQvOGhVa4e/BN/Um7yca9Bb2XTzPPnfTWHWQg+IsEYO7M3Vx+EXvaM/I2pJWIMun1bg==}
    engines: {node: '>= 18'}

  '@octokit/core@7.0.6':
    resolution: {integrity: sha512-DhGl4xMVFGVIyMwswXeyzdL4uXD5OGILGX5N8Y+f6W7LhC1Ze2poSNrkF/fedpVDHEEZ+PHFW0vL14I+mm8K3Q==}
    engines: {node: '>= 20'}

  '@octokit/endpoint@11.0.2':
    resolution: {integrity: sha512-4zCpzP1fWc7QlqunZ5bSEjxc6yLAlRTnDwKtgXfcI/FxxGoqedDG8V2+xJ60bV2kODqcGB+nATdtap/XYq2NZQ==}
    engines: {node: '>= 20'}

  '@octokit/endpoint@9.0.6':
    resolution: {integrity: sha512-H1fNTMA57HbkFESSt3Y9+FBICv+0jFceJFPWDePYlR/iMGrwM5ph+Dd4XRQs+8X+PUFURLQgX9ChPfhJ/1uNQw==}
    engines: {node: '>= 18'}

  '@octokit/graphql@7.1.1':
    resolution: {integrity: sha512-3mkDltSfcDUoa176nlGoA32RGjeWjl3K7F/BwHwRMJUW/IteSa4bnSV8p2ThNkcIcZU2umkZWxwETSSCJf2Q7g==}
    engines: {node: '>= 18'}

  '@octokit/graphql@9.0.3':
    resolution: {integrity: sha512-grAEuupr/C1rALFnXTv6ZQhFuL1D8G5y8CN04RgrO4FIPMrtm+mcZzFG7dcBm+nq+1ppNixu+Jd78aeJOYxlGA==}
    engines: {node: '>= 20'}

  '@octokit/oauth-app@8.0.3':
    resolution: {integrity: sha512-jnAjvTsPepyUaMu9e69hYBuozEPgYqP4Z3UnpmvoIzHDpf8EXDGvTY1l1jK0RsZ194oRd+k6Hm13oRU8EoDFwg==}
    engines: {node: '>= 20'}

  '@octokit/oauth-authorization-url@8.0.0':
    resolution: {integrity: sha512-7QoLPRh/ssEA/HuHBHdVdSgF8xNLz/Bc5m9fZkArJE5bb6NmVkDm3anKxXPmN1zh6b5WKZPRr3697xKT/yM3qQ==}
    engines: {node: '>= 20'}

  '@octokit/oauth-methods@6.0.2':
    resolution: {integrity: sha512-HiNOO3MqLxlt5Da5bZbLV8Zarnphi4y9XehrbaFMkcoJ+FL7sMxH/UlUsCVxpddVu4qvNDrBdaTVE2o4ITK8ng==}
    engines: {node: '>= 20'}

  '@octokit/openapi-types@20.0.0':
    resolution: {integrity: sha512-EtqRBEjp1dL/15V7WiX5LJMIxxkdiGJnabzYx5Apx4FkQIFgAfKumXeYAqqJCj1s+BMX4cPFIFC4OLCR6stlnA==}

  '@octokit/openapi-types@24.2.0':
    resolution: {integrity: sha512-9sIH3nSUttelJSXUrmGzl7QUBFul0/mB8HRYl3fOlgHbIWG+WnYDXU3v/2zMtAvuzZ/ed00Ei6on975FhBfzrg==}

  '@octokit/openapi-types@27.0.0':
    resolution: {integrity: sha512-whrdktVs1h6gtR+09+QsNk2+FO+49j6ga1c55YZudfEG+oKJVvJLQi3zkOm5JjiUXAagWK2tI2kTGKJ2Ys7MGA==}

  '@octokit/openapi-webhooks-types@12.0.3':
    resolution: {integrity: sha512-90MF5LVHjBedwoHyJsgmaFhEN1uzXyBDRLEBe7jlTYx/fEhPAk3P3DAJsfZwC54m8hAIryosJOL+UuZHB3K3yA==}

  '@octokit/plugin-paginate-graphql@6.0.0':
    resolution: {integrity: sha512-crfpnIoFiBtRkvPqOyLOsw12XsveYuY2ieP6uYDosoUegBJpSVxGwut9sxUgFFcll3VTOTqpUf8yGd8x1OmAkQ==}
    engines: {node: '>= 20'}
    peerDependencies:
      '@octokit/core': '>=6'

  '@octokit/plugin-paginate-rest@14.0.0':
    resolution: {integrity: sha512-fNVRE7ufJiAA3XUrha2omTA39M6IXIc6GIZLvlbsm8QOQCYvpq/LkMNGyFlB1d8hTDzsAXa3OKtybdMAYsV/fw==}
    engines: {node: '>= 20'}
    peerDependencies:
      '@octokit/core': '>=6'

  '@octokit/plugin-paginate-rest@9.2.2':
    resolution: {integrity: sha512-u3KYkGF7GcZnSD/3UP0S7K5XUFT2FkOQdcfXZGZQPGv3lm4F2Xbf71lvjldr8c1H3nNbF+33cLEkWYbokGWqiQ==}
    engines: {node: '>= 18'}
    peerDependencies:
      '@octokit/core': '5'

  '@octokit/plugin-request-log@4.0.1':
    resolution: {integrity: sha512-GihNqNpGHorUrO7Qa9JbAl0dbLnqJVrV8OXe2Zm5/Y4wFkZQDfTreBzVmiRfJVfE4mClXdihHnbpyyO9FSX4HA==}
    engines: {node: '>= 18'}
    peerDependencies:
      '@octokit/core': '5'

  '@octokit/plugin-rest-endpoint-methods@10.4.1':
    resolution: {integrity: sha512-xV1b+ceKV9KytQe3zCVqjg+8GTGfDYwaT1ATU5isiUyVtlVAO3HNdzpS4sr4GBx4hxQ46s7ITtZrAsxG22+rVg==}
    engines: {node: '>= 18'}
    peerDependencies:
      '@octokit/core': '5'

  '@octokit/plugin-rest-endpoint-methods@17.0.0':
    resolution: {integrity: sha512-B5yCyIlOJFPqUUeiD0cnBJwWJO8lkJs5d8+ze9QDP6SvfiXSz1BF+91+0MeI1d2yxgOhU/O+CvtiZ9jSkHhFAw==}
    engines: {node: '>= 20'}
    peerDependencies:
      '@octokit/core': '>=6'

  '@octokit/plugin-retry@6.1.0':
    resolution: {integrity: sha512-WrO3bvq4E1Xh1r2mT9w6SDFg01gFmP81nIG77+p/MqW1JeXXgL++6umim3t6x0Zj5pZm3rXAN+0HEjmmdhIRig==}
    engines: {node: '>= 18'}
    peerDependencies:
      '@octokit/core': '5'

  '@octokit/plugin-retry@8.0.3':
    resolution: {integrity: sha512-vKGx1i3MC0za53IzYBSBXcrhmd+daQDzuZfYDd52X5S0M2otf3kVZTVP8bLA3EkU0lTvd1WEC2OlNNa4G+dohA==}
    engines: {node: '>= 20'}
    peerDependencies:
      '@octokit/core': '>=7'

  '@octokit/plugin-throttling@11.0.3':
    resolution: {integrity: sha512-34eE0RkFCKycLl2D2kq7W+LovheM/ex3AwZCYN8udpi6bxsyjZidb2McXs69hZhLmJlDqTSP8cH+jSRpiaijBg==}
    engines: {node: '>= 20'}
    peerDependencies:
      '@octokit/core': ^7.0.0

  '@octokit/request-error@5.1.1':
    resolution: {integrity: sha512-v9iyEQJH6ZntoENr9/yXxjuezh4My67CBSu9r6Ve/05Iu5gNgnisNWOsoJHTP6k0Rr0+HQIpnH+kyammu90q/g==}
    engines: {node: '>= 18'}

  '@octokit/request-error@7.1.0':
    resolution: {integrity: sha512-KMQIfq5sOPpkQYajXHwnhjCC0slzCNScLHs9JafXc4RAJI+9f+jNDlBNaIMTvazOPLgb4BnlhGJOTbnN0wIjPw==}
    engines: {node: '>= 20'}

  '@octokit/request@10.0.7':
    resolution: {integrity: sha512-v93h0i1yu4idj8qFPZwjehoJx4j3Ntn+JhXsdJrG9pYaX6j/XRz2RmasMUHtNgQD39nrv/VwTWSqK0RNXR8upA==}
    engines: {node: '>= 20'}

  '@octokit/request@8.4.1':
    resolution: {integrity: sha512-qnB2+SY3hkCmBxZsR/MPCybNmbJe4KAlfWErXq+rBKkQJlbjdJeS85VI9r8UqeLYLvnAenU8Q1okM/0MBsAGXw==}
    engines: {node: '>= 18'}

  '@octokit/types@12.6.0':
    resolution: {integrity: sha512-1rhSOfRa6H9w4YwK0yrf5faDaDTb+yLyBUKOCV4xtCDB5VmIPqd/v9yr9o6SAzOAlRxMiRiCic6JVM1/kunVkw==}

  '@octokit/types@13.10.0':
    resolution: {integrity: sha512-ifLaO34EbbPj0Xgro4G5lP5asESjwHracYJvVaPIyXMuiuXLlhic3S47cBdTb+jfODkTE5YtGCLt3Ay3+J97sA==}

  '@octokit/types@16.0.0':
    resolution: {integrity: sha512-sKq+9r1Mm4efXW1FCk7hFSeJo4QKreL/tTbR0rz/qx/r1Oa2VV83LTA/H/MuCOX7uCIJmQVRKBcbmWoySjAnSg==}

  '@octokit/webhooks-methods@6.0.0':
    resolution: {integrity: sha512-MFlzzoDJVw/GcbfzVC1RLR36QqkTLUf79vLVO3D+xn7r0QgxnFoLZgtrzxiQErAjFUOdH6fas2KeQJ1yr/qaXQ==}
    engines: {node: '>= 20'}

  '@octokit/webhooks@14.1.3':
    resolution: {integrity: sha512-gcK4FNaROM9NjA0mvyfXl0KPusk7a1BeA8ITlYEZVQCXF5gcETTd4yhAU0Kjzd8mXwYHppzJBWgdBVpIR9wUcQ==}
    engines: {node: '>= 20'}

  '@pnpm/config.nerf-dart@1.0.1':
    resolution: {integrity: sha512-03d2l21gAyzGVr9SR6rS5pvCTnZ4HaNdi8jB2Y/UGvszzrNbA+AJVObVw6SulNQ1Eah3SHB9wCezJwtP+jYIcA==}
    engines: {node: '>=18.12'}

  '@pnpm/constants@1001.3.1':
    resolution: {integrity: sha512-2hf0s4pVrVEH8RvdJJ7YRKjQdiG8m0iAT26TTqXnCbK30kKwJW69VLmP5tED5zstmDRXcOeH5eRcrpkdwczQ9g==}
    engines: {node: '>=18.12'}

  '@pnpm/constants@8.0.0':
    resolution: {integrity: sha512-yQosGUvYPpAjb1jOFcdbwekRjZRVxN6C0hHzfRCZrMKbxGjt/E0g0RcFlEDNVZ95tm4oMMcr7nEPa7H7LX3emw==}
    engines: {node: '>=18.12'}

  '@pnpm/core-loggers@10.0.4':
    resolution: {integrity: sha512-0sa1oq8OelHFs1qTCv0fUVPYpQwRjkAb3miaXTwhXCUsePAy6kZ4wrn/aZA4bnxj0pIcaQnrSTWKcRjdrkqu3Q==}
    engines: {node: '>=18.12'}
    peerDependencies:
      '@pnpm/logger': ^5.0.0

  '@pnpm/crypto.base32-hash@3.0.0':
    resolution: {integrity: sha512-iGKP6rRKng5Tcad1+S+j3UoY5wVZN+z0ZgemlGp69jNgn6EaM4N0Q3mvnDNJ7UZFmL2ClXZZYLNuCk9pUYV3Xg==}
    engines: {node: '>=18.12'}

  '@pnpm/dependency-path@5.1.3':
    resolution: {integrity: sha512-d1gd9tXO4QRem2LMzvxVwt/6t7sNSK4DAJ6MQVLfXTqyIAvoAzRkSmFMNlqN1LQnNKIq7a/WXbJXDUObrYfkfA==}
    engines: {node: '>=18.12'}

  '@pnpm/error@1000.0.5':
    resolution: {integrity: sha512-GjH0TPjbVNrPnl/BAGoFuBLJ2sFfXNKbS33lll/Ehe9yw0fyc8Kdw7kO9if37yQqn6vaa4dAHKkPllum7f/IPQ==}
    engines: {node: '>=18.12'}

  '@pnpm/error@6.0.1':
    resolution: {integrity: sha512-7yjO0RgmWYb4OKgcWC33yD4Z2CxE7Tm7vXX1SmS7GDifDT/bgZZhHeS2xq/+W6y9yhwIrRSA+7AlQL1NM2wIvw==}
    engines: {node: '>=18.12'}

  '@pnpm/fetch@8.0.4':
    resolution: {integrity: sha512-E79pTCQtnYtwJbPEru2JcPHRXAjrWcuJN6a/0r3/R1uZsx+ElJrU7WfNYEwyk2gANxq065/nq2lVp1/qx2aQ3A==}
    engines: {node: '>=18.12'}
    peerDependencies:
      '@pnpm/logger': ^5.0.0

  '@pnpm/fetching-types@6.0.0':
    resolution: {integrity: sha512-fnsaegb+0q7Ku6AyCmoVtBeCuO8ytB7YMEaGHC+0MGoRsxxa6EVLgi2H4abKr8LLslf5tHJBnOH24DjST3UNfQ==}
    engines: {node: '>=18.12'}

  '@pnpm/git-resolver@9.0.5':
    resolution: {integrity: sha512-d2IPuKwEWQTxr9AfPJrKUHf3bkKm//L3CcrgUs4vl9xGMLqV7uCtp/VKvzK3vNPN6RfCn7nKmjvyjvkNA1Z5vg==}
    engines: {node: '>=18.12'}

  '@pnpm/git-utils@2.0.0':
    resolution: {integrity: sha512-k1rv4Zvno/5zJAqE/Mh9V0ehlm14NsYwpXTdaGMtyhkoHvlSckRfr23OIOIM7Q/TRX+LhqyJ2kep50SY2TsZ+g==}
    engines: {node: '>=18.12'}

  '@pnpm/hosted-git-info@1.0.0':
    resolution: {integrity: sha512-QzmNiLShTnNyeTHr+cykG5hYjwph0+v49KHV36Dh8uA2rRMWw30qoZMARuxd00SYdoTwT8bIouqqmzi6TWfJHQ==}
    engines: {node: '>=10'}

  '@pnpm/lockfile-file@9.1.3':
    resolution: {integrity: sha512-+WaLikC86jJyA23xzU8SnHcxeuxs8TcFCMoP2HCSU/0ckk9bjjW4CttEcHzQoCMdDlm7eZKTRoDuU5iJ5Wie3Q==}
    engines: {node: '>=18.12'}
    peerDependencies:
      '@pnpm/logger': ^5.0.0

  '@pnpm/lockfile-types@7.1.3':
    resolution: {integrity: sha512-ifMGKjiBFweZiI9nRYw+N4oP42tDaxHGzla/fuEqn8rOLzITJKfD9G2KfF7u8ZfZyW9lHFL/FsN9t1+q6L+qyQ==}
    engines: {node: '>=18.12'}

  '@pnpm/lockfile-utils@11.0.4':
    resolution: {integrity: sha512-qczmd35HWys0P8ngG86pNquBPeVEQT4SH19AOu0uoK5d/9nXWnbqiHbAwRyMndNDxuPBf3ol65X4Esx/7z8ofg==}
    engines: {node: '>=18.12'}

  '@pnpm/logger@5.2.0':
    resolution: {integrity: sha512-dCdSs2wPCweMkRLdISAKBOKSWeq/9iS9aanWgjoUkFs06KN2o5XGFg53oCXg/KbZhF9AXS3vMHPwTebzCeAEsA==}
    engines: {node: '>=18.12'}

  '@pnpm/merge-lockfile-changes@6.0.5':
    resolution: {integrity: sha512-2qKNX80l3TMuVr5+3VNBuYRo/iud4x2RGZMrUpm5cNQ6BMZdHwbo/9RzEOFTXWETbEKyErryc3VqS/54EhDaWw==}
    engines: {node: '>=18.12'}

  '@pnpm/network.agent@2.0.3':
    resolution: {integrity: sha512-YITr8VrjPPULdQWAA17oU0M4j4286OmRnk0XA1ntoR+v0FbdGRKmRQmOHx86s1eM3eGCh1UF8WPHNkbgjjBN3Q==}
    engines: {node: '>=18.12'}

  '@pnpm/network.config@2.1.0':
    resolution: {integrity: sha512-3Z4suyclrd1NOp1ue+xf5VCEd7Pu1R16wXg8wCmKIiQD7E69BE4WA3ralxrkPx0B0OtqM1H8lBPINsipZaUcuQ==}
    engines: {node: '>=18.12'}

  '@pnpm/network.proxy-agent@2.0.3':
    resolution: {integrity: sha512-x6lyFMJFgf/8dArUfPBtEqieKm8J7Vab/hIiNCCqcziEucJwNgFUF1xwLUuypn/oSB9XvGQa4nxPZ0dyFZzOrQ==}
    engines: {node: '>=18.12'}

  '@pnpm/node-fetch@1.0.0':
    resolution: {integrity: sha512-eYwrzhKUBGFdq78rJStGjaHTUHA2VH+Avr//CVx/T+EJkI7hnFmOy6YghvcB2clj8HpO4V8tXRNuFNfRX08ayw==}
    engines: {node: ^10.17 || >=12.3}

  '@pnpm/pick-fetcher@3.0.0':
    resolution: {integrity: sha512-2eisylRAU/jeuxFEPnS1gjLZKJGbYc4QEtEW6MVUYjO4Xi+2ttkSm7825S0J5IPpUIvln8HYPCUS0eQWSfpOaQ==}
    engines: {node: '>=18.12'}

  '@pnpm/ramda@0.28.1':
    resolution: {integrity: sha512-zcAG+lvU0fMziNeGXpPyCyCJYp5ZVrPElEE4t14jAmViaihohocZ+dDkcRIyAomox8pQsuZnv1EyHR+pOhmUWw==}

  '@pnpm/resolver-base@13.0.1':
    resolution: {integrity: sha512-WXWHDtVFAmwyBSOLYkYF1bJujDQyG6JYZGsVsy+/dTPiaT8pzebL7p4fchC/8wpZroH7lxJ1lInSKIg7T904/g==}
    engines: {node: '>=18.12'}

  '@pnpm/types@11.1.0':
    resolution: {integrity: sha512-wnlOhu7hjv9/qsf2cbK0YqpaV9c4LS69Utxd+r8hq/GWhyrOHcM1QOlfQb0Mzci0q4DDgB8VXT4dhBnEBL4c5g==}
    engines: {node: '>=18.12'}

  '@pnpm/util.lex-comparator@3.0.0':
    resolution: {integrity: sha512-ead+l3IiuVXwKDf/QJPX6G93cwhXki3yOVEA/VdAO7AhZ5vUuSBxHe6gQKEbB0QacJ4H5VsYxeM1xUgwjjOO/Q==}
    engines: {node: '>=18.12'}

  '@types/aws-lambda@8.10.159':
    resolution: {integrity: sha512-SAP22WSGNN12OQ8PlCzGzRCZ7QDCwI85dQZbmpz7+mAk+L7j+wI7qnvmdKh+o7A5LaOp6QnOZ2NJphAZQTTHQg==}

  '@types/node@24.10.1':
    resolution: {integrity: sha512-GNWcUTRBgIRJD5zj+Tq0fKOJ5XZajIiBroOF0yvj2bSU1WvNdYS/dn9UxwsujGW4JX06dnHyjV2y9rRaybH0iQ==}

  '@types/semver@7.7.1':
    resolution: {integrity: sha512-FmgJfu+MOcQ370SD0ev7EI8TlCAfKYU+B4m5T3yXc1CiRN94g/SZPtsCkk506aUDtlMnFZvasDwHHUcZUEaYuA==}

  '@zkochan/js-yaml@0.0.7':
    resolution: {integrity: sha512-nrUSn7hzt7J6JWgWGz78ZYI8wj+gdIJdk0Ynjpp8l+trkn58Uqsf6RYrYkEK+3X18EX+TNdtJI0WxAtc+L84SQ==}
    hasBin: true

  '@zkochan/retry@0.2.0':
    resolution: {integrity: sha512-WhB+2B/ZPlW2Xy/kMJBrMbqecWXcbDDgn0K0wKBAgO2OlBTz1iLJrRWduo+DGGn0Akvz1Lu4Xvls7dJojximWw==}
    engines: {node: '>=10'}

  '@zkochan/rimraf@3.0.2':
    resolution: {integrity: sha512-GBf4ua7ogWTr7fATnzk/JLowZDBnBJMm8RkMaC/KcvxZ9gxbMWix0/jImd815LmqKyIHZ7h7lADRddGMdGBuCA==}
    engines: {node: '>=18.12'}

  '@zkochan/which@2.0.3':
    resolution: {integrity: sha512-C1ReN7vt2/2O0fyTsx5xnbQuxBrmG5NMSbcIkPKCCfCTJgpZBsuRYzFXHj3nVq8vTfK7vxHUmzfCpSHgO7j4rg==}
    engines: {node: '>= 8'}
    hasBin: true

  agent-base@7.1.4:
    resolution: {integrity: sha512-MnA+YT8fwfJPgBx3m60MNqakm30XOkyIoH1y6huTQvC0PwZG7ki8NacLBcrPbNoo8vEZy7Jpuk7+jMO+CUovTQ==}
    engines: {node: '>= 14'}

  agentkeepalive@4.6.0:
    resolution: {integrity: sha512-kja8j7PjmncONqaTsB8fQ+wE2mSU2DJ9D4XKoJ5PFWIdRMa6SLSN1ff4mOr4jCbfRSsxR4keIiySJU0N9T5hIQ==}
    engines: {node: '>= 8.0.0'}

  argparse@2.0.1:
    resolution: {integrity: sha512-8+9WqebbFzpX9OR+Wa6O29asIogeRMzcGtAINdpMHHyAg10f05aSFVBbcEqGf/PXw1EjAZ+q2/bEBg3DvurK3Q==}

  balanced-match@1.0.2:
    resolution: {integrity: sha512-3oSeUO0TMV67hN1AmbXsK4yaqU7tjiHlbxRDZOpH0KW9+CeX4bRAaX0Anxt0tx2MrpRpWwQaPwIlISEJhYU5Pw==}

  before-after-hook@2.2.3:
    resolution: {integrity: sha512-NzUnlZexiaH/46WDhANlyR2bXRopNg4F/zuSA3OpZnllCUgRaOF2znDioDWrmbNVsuZk6l9pMquQB38cfBZwkQ==}

  before-after-hook@4.0.0:
    resolution: {integrity: sha512-q6tR3RPqIB1pMiTRMFcZwuG5T8vwp+vUvEG0vuI6B+Rikh5BfPp2fQ82c925FOs+b0lcFQ8CFrL+KbilfZFhOQ==}

  bole@5.0.22:
    resolution: {integrity: sha512-BI0Fjfi38q0bnvG5FjQoLbipfme62eNENiXAWT3QjVvEa9Xdkkg4A0r4mkkOsbq8Hang0rSCbedUhdNA9hTCcg==}

  bottleneck@2.19.5:
    resolution: {integrity: sha512-VHiNCbI1lKdl44tGrhNfU3lup0Tj/ZBMJB5/2ZbNXRCPuRCO7ed2mgcK4r17y+KB2EfuYuRaVlwNbAeaWGSpbw==}

  brace-expansion@1.1.12:
    resolution: {integrity: sha512-9T9UjW3r0UW5c1Q7GTwllptXwhvYmEzFhzMfZ9H7FQWt+uZePjZPjBP/W1ZEyZ1twGWom5/56TF4lPcqjnDHcg==}

  comver-to-semver@1.0.0:
    resolution: {integrity: sha512-gcGtbRxjwROQOdXLUWH1fQAXqThUVRZ219aAwgtX3KfYw429/Zv6EIJRf5TBSzWdAGwePmqH7w70WTaX4MDqag==}
    engines: {node: '>=12.17'}

  concat-map@0.0.1:
    resolution: {integrity: sha512-/Srv4dswyQNBfohGpz9o6Yb3Gz3SrUDqBH5rTuhGR7ahtlbYKnVxw2bCFMRljaA7EXHaXZ8wsHdodFvbkhKmqg==}

  cross-spawn@7.0.6:
    resolution: {integrity: sha512-uV2QOWP2nWzsy2aMp8aRibhi9dlzF5Hgh5SHaB9OiTGEyDTiJJyx0uy51QXdyWbtAHNua4XJzUKca3OzKUd3vA==}
    engines: {node: '>= 8'}

  csv-parse@6.1.0:
    resolution: {integrity: sha512-CEE+jwpgLn+MmtCpVcPtiCZpVtB6Z2OKPTr34pycYYoL7sxdOkXDdQ4lRiw6ioC0q6BLqhc6cKweCVvral8yhw==}

  data-uri-to-buffer@3.0.1:
    resolution: {integrity: sha512-WboRycPNsVw3B3TL559F7kuBUM4d8CgMEvk6xEJlOp7OBPjt6G7z8WMWlD2rOFZLk6OYfFIUGsCOWzcQH9K2og==}
    engines: {node: '>= 6'}

  debug@4.4.3:
    resolution: {integrity: sha512-RGwwWnwQvkVfavKVt22FGLw+xYSdzARwm0ru6DhTVA3umU5hZc28V3kO4stgYryrTlLpuvgI9GiijltAjNbcqA==}
    engines: {node: '>=6.0'}
    peerDependencies:
      supports-color: '*'
    peerDependenciesMeta:
      supports-color:
        optional: true

  deprecation@2.3.1:
    resolution: {integrity: sha512-xmHIy4F3scKVwMsQ4WnVaS8bHOx0DmVwRywosKhaILI0ywMDWPtBSku2HNxRvF7jtwDRsoEwYQSfbxj8b7RlJQ==}

  execa@5.1.1:
    resolution: {integrity: sha512-8uSpZZocAZRBAPIEINJj3Lo9HyGitllczc27Eh5YYojjMFMn8yHMDMaUHE2Jqfq05D/wucwI4JGURyXt1vchyg==}
    engines: {node: '>=10'}

  fast-content-type-parse@3.0.0:
    resolution: {integrity: sha512-ZvLdcY8P+N8mGQJahJV5G4U88CSvT1rP8ApL6uETe88MBXrBHAkZlSEySdUlyztF7ccb+Znos3TFqaepHxdhBg==}

  fast-safe-stringify@2.1.1:
    resolution: {integrity: sha512-W+KJc2dmILlPplD/H4K9l9LcAHAfPtP6BY84uVLXQ6Evcz9Lcg33Y2z1IVblT6xdY54PXYVHEv+0Wpq8Io6zkA==}

  fetch-blob@2.1.2:
    resolution: {integrity: sha512-YKqtUDwqLyfyMnmbw8XD6Q8j9i/HggKtPEI+pZ1+8bvheBu78biSmNaXWusx1TauGqtUUGx/cBb1mKdq2rLYow==}
    engines: {node: ^10.17.0 || >=12.3.0}
    peerDependencies:
      domexception: '*'
    peerDependenciesMeta:
      domexception:
        optional: true

  get-npm-tarball-url@2.1.0:
    resolution: {integrity: sha512-ro+DiMu5DXgRBabqXupW38h7WPZ9+Ad8UjwhvsmmN8w1sU7ab0nzAXvVZ4kqYg57OrqomRtJvepX5/xvFKNtjA==}
    engines: {node: '>=12.17'}

  get-stream@6.0.1:
    resolution: {integrity: sha512-ts6Wi+2j3jQjqi70w5AlN8DFnkSwC+MqmxEzdEALB2qXZYV3X/b1CTfgPLGJNMeAWxdPfU8FO1ms3NUfaHCPYg==}
    engines: {node: '>=10'}

  graceful-git@4.0.0:
    resolution: {integrity: sha512-zK/rCH/I0DMKpPBLCElXGI7za3EnXeQFdiK6CTP02Tt1N1L+bMLghZY7cXozlx9M2bx4Q0zrY9ADYP3eI8haIw==}
    engines: {node: '>=18.12'}

  http-proxy-agent@7.0.2:
    resolution: {integrity: sha512-T1gkAiYYDWYx3V5Bmyu7HcfcvL7mUrTWiM6yOfa3PIphViJ/gFPbvidQ+veqSOHci/PxBcDabeUNCzpOODJZig==}
    engines: {node: '>= 14'}

  https-proxy-agent@7.0.6:
    resolution: {integrity: sha512-vK9P5/iUfdl95AI+JVyUuIcVtd4ofvtrOr3HNtM2yxC9bnMbEdp3x01OhQNnjb8IJYi38VlTE3mBXwcfvywuSw==}
    engines: {node: '>= 14'}

  human-signals@2.1.0:
    resolution: {integrity: sha512-B4FFZ6q/T2jhhksgkbEW3HBvWIfDW85snkQgawt07S7J5QXTk6BkNV+0yAeZrM5QpMAdYlocGoljn0sJ/WQkFw==}
    engines: {node: '>=10.17.0'}

  humanize-ms@1.2.1:
    resolution: {integrity: sha512-Fl70vYtsAFb/C06PTS9dZBo7ihau+Tu/DNCk/OyHhea07S+aeMWpFFkUaXRa8fI+ScZbEI8dfSxwY7gxZ9SAVQ==}

  husky@9.1.7:
    resolution: {integrity: sha512-5gs5ytaNjBrh5Ow3zrvdUUY+0VxIuWVL4i9irt6friV+BqdCfmV11CQTWMiBYWHbXhco+J1kHfTOUkePhCDvMA==}
    engines: {node: '>=18'}
    hasBin: true

  imurmurhash@0.1.4:
    resolution: {integrity: sha512-JmXMZ6wuvDmLiHEml9ykzqO6lwFbof0GG4IkcGaENdCRDDmMVnny7s5HsIgHCbaq0w2MyPhDqkhTUgS2LU2PHA==}
    engines: {node: '>=0.8.19'}

  individual@3.0.0:
    resolution: {integrity: sha512-rUY5vtT748NMRbEMrTNiFfy29BgGZwGXUi2NFUVMWQrogSLzlJvQV9eeMWi+g1aVaQ53tpyLAQtd5x/JH0Nh1g==}

  inherits@2.0.4:
    resolution: {integrity: sha512-k/vGaX4/Yla3WzyMCvTQOXYeIHvqOKtnqBduzTHpzpQZzAskKMhZ2K+EnBiSM9zGSoIFeMpXKxa4dYeZIQqewQ==}

  ip-address@10.1.0:
    resolution: {integrity: sha512-XXADHxXmvT9+CRxhXg56LJovE+bmWnEWB78LB83VZTprKTmaC5QfruXocxzTZ2Kl0DNwKuBdlIhjL8LeY8Sf8Q==}
    engines: {node: '>= 12'}

  is-plain-obj@2.1.0:
    resolution: {integrity: sha512-YWnfyRwxL/+SsrWYfOpUtz5b3YD+nyfkHvjbcanzk8zgyO4ASD67uVMRt8k5bM4lLMDnXfriRhOpemw+NfT1eA==}
    engines: {node: '>=8'}

  is-stream@2.0.1:
    resolution: {integrity: sha512-hFoiJiTl63nn+kstHGBtewWSKnQLpyb155KHheA1l39uvtO9nWIop1p3udqPcUd/xbF1VLMO4n7OI6p7RbngDg==}
    engines: {node: '>=8'}

  isexe@2.0.0:
    resolution: {integrity: sha512-RHxMLp9lnKHGHRng9QFhRCMbYAcVpn69smSGcq3f36xjgVVWThj4qqLbTLlq7Ssj8B+fIQ1EuCEGI2lKsyQeIw==}

  json-stringify-safe@5.0.1:
    resolution: {integrity: sha512-ZClg6AaYvamvYEE82d3Iyd3vSSIjQ+odgjaTzRuO3s7toCdFKczob2i0zCh7JE8kWn17yvAWhUVxvqGwUalsRA==}

  lru-cache@6.0.0:
    resolution: {integrity: sha512-Jo6dJ04CmSjuznwJSS3pUeWmd/H0ffTlkXXgwZi+eq1UCmqQwCh+eLsYOYCwY991i2Fah4h1BEMCx4qThGbsiA==}
    engines: {node: '>=10'}

  lru-cache@7.18.3:
    resolution: {integrity: sha512-jumlc0BIUrS3qJGgIkWZsyfAM7NCWiBcCDhnd+3NNM5KbBmLTgHVfWBcg6W+rLUsIpzpERPsvwUP7CckAQSOoA==}
    engines: {node: '>=12'}

  merge-stream@2.0.0:
    resolution: {integrity: sha512-abv/qOcuPfk3URPfDzmZU1LKmuw8kT+0nIHvKrKgFrwifol/doWcdA4ZqsWQ8ENrFKkd67Mfpo/LovbIUsbt3w==}

  mimic-fn@2.1.0:
    resolution: {integrity: sha512-OqbOk5oEQeAZ8WXWydlu9HJjz9WVdEIvamMCcXmuqUYjTknH/sqsWvhQ3vgwKFRR1HpjvNBKQ37nbJgYzGqGcg==}
    engines: {node: '>=6'}

  minimatch@3.1.2:
    resolution: {integrity: sha512-J7p63hRiAjw1NDEww1W7i37+ByIrOWO5XQQAzZ3VOcL0PNybwpfmV/N05zFAzwQ9USyEcX6t3UO+K5aqBQOIHw==}

  minimist@1.2.8:
    resolution: {integrity: sha512-2yyAR8qBkN3YuheJanUpWC5U3bb5osDywNB8RzDVlDwDHbocAJveqqj1u8+SVD7jkWT4yvsHCpWqqWqAxb0zCA==}

  ms@2.1.3:
    resolution: {integrity: sha512-6FlzubTLZG3J2a/NVCAleEhjzq5oxgHyaCU9yYXvcLsvoVaHJq/s5xXI6/XXP6tz7R9xAOtHnSO/tXtF3WRTlA==}

  ndjson@2.0.0:
    resolution: {integrity: sha512-nGl7LRGrzugTtaFcJMhLbpzJM6XdivmbkdlaGcrk/LXg2KL/YBC6z1g70xh0/al+oFuVFP8N8kiWRucmeEH/qQ==}
    engines: {node: '>=10'}
    hasBin: true

  normalize-path@3.0.0:
    resolution: {integrity: sha512-6eZs5Ls3WtCisHWp9S2GUy8dqkpGi4BVSz3GaqiE6ezub0512ESztXUwUB6C6IKbQkY2Pnb/mD4WYojCRwcwLA==}
    engines: {node: '>=0.10.0'}

  npm-run-path@4.0.1:
    resolution: {integrity: sha512-S48WzZW777zhNIrn7gxOlISNAqi9ZC/uQFnRdbeIHhZhCA6UqpkOT8T1G7BvfdgP4Er8gF4sUbaS0i7QvIfCWw==}
    engines: {node: '>=8'}

  octokit@5.0.5:
    resolution: {integrity: sha512-4+/OFSqOjoyULo7eN7EA97DE0Xydj/PW5aIckxqQIoFjFwqXKuFCvXUJObyJfBF9Khu4RL/jlDRI9FPaMGfPnw==}
    engines: {node: '>= 20'}

  once@1.4.0:
    resolution: {integrity: sha512-lNaJgI+2Q5URQBkccEKHTQOPaXdUxnZZElQTZY0MFUAuaEqe1E+Nyvgdz/aIyNi6Z9MzO5dv1H8n58/GELp3+w==}

  onetime@5.1.2:
    resolution: {integrity: sha512-kbpaSSGJTWdAY5KPVeMOKXSrPtr8C8C7wodJbcsd51jRnmD+GZu8Y0VoU6Dm5Z4vWr0Ig/1NKuWRKf7j5aaYSg==}
    engines: {node: '>=6'}

  path-key@3.1.1:
    resolution: {integrity: sha512-ojmeN0qd+y0jszEtoY48r0Peq5dwMEkIlCOu6Q5f41lfkswXuKtYrhgoTpLnyIcHm24Uhqx+5Tqm2InSwLhE6Q==}
    engines: {node: '>=8'}

  path-name@1.0.0:
    resolution: {integrity: sha512-/dcAb5vMXH0f51yvMuSUqFpxUcA8JelbRmE5mW/p4CUJxrNgK24IkstnV7ENtg2IDGBOu6izKTG6eilbnbNKWQ==}

  prettier@3.6.2:
    resolution: {integrity: sha512-I7AIg5boAr5R0FFtJ6rCfD+LFsWHp81dolrFD8S79U9tb8Az2nGrJncnMSnys+bpQJfRUzqs9hnA81OAA3hCuQ==}
    engines: {node: '>=14'}
    hasBin: true

  readable-stream@3.6.2:
    resolution: {integrity: sha512-9u/sniCrY3D5WdsERHzHE4G2YCXqoG5FTHUiCC4SIbr6XcLZBY05ya9EKjYek9O5xOAwjGq+1JdGBAS7Q9ScoA==}
    engines: {node: '>= 6'}

  retry@0.13.1:
    resolution: {integrity: sha512-XQBQ3I8W1Cge0Seh+6gjj03LbmRFWuoszgK9ooCpwYIrhhoO80pfq4cUkU5DkknwfOfFteRwlZ56PYOGYyFWdg==}
    engines: {node: '>= 4'}

  rfc4648@1.5.4:
    resolution: {integrity: sha512-rRg/6Lb+IGfJqO05HZkN50UtY7K/JhxJag1kP23+zyMfrvoB0B7RWv06MbOzoc79RgCdNTiUaNsTT1AJZ7Z+cg==}

  safe-buffer@5.2.1:
    resolution: {integrity: sha512-rp3So07KcdmmKbGvgaNxQSJr7bGVSVk5S9Eq1F+ppbRo70+YeaDxkw5Dd8NPN+GD6bjnYm2VuPuCXmpuYvmCXQ==}

  safe-execa@0.1.2:
    resolution: {integrity: sha512-vdTshSQ2JsRCgT8eKZWNJIL26C6bVqy1SOmuCMlKHegVeo8KYRobRrefOdUq9OozSPUUiSxrylteeRmLOMFfWg==}
    engines: {node: '>=12'}

  safe-execa@0.1.4:
    resolution: {integrity: sha512-GI3k4zl4aLC3lxZNEEXAxxcXE6E3TfOsJ5xxJPhcAv9MWwnH2O9I0HrDmZFsVnu/C8wzRYSsTHdoVRmL0VicDw==}
    engines: {node: '>=12'}

  semver@7.7.3:
    resolution: {integrity: sha512-SdsKMrI9TdgjdweUSR9MweHA4EJ8YxHn8DFaDisvhVlUOe4BF1tLD7GAj0lIqWVl+dPb/rExr0Btby5loQm20Q==}
    engines: {node: '>=10'}
    hasBin: true

  shebang-command@2.0.0:
    resolution: {integrity: sha512-kHxr2zZpYtdmrN1qDjrrX/Z1rR1kG8Dx+gkpK1G4eXmvXswmcE1hTWBWYUzlraYw1/yZp6YuDY77YtvbN0dmDA==}
    engines: {node: '>=8'}

  shebang-regex@3.0.0:
    resolution: {integrity: sha512-7++dFhtcx3353uBaq8DDR4NuxBetBzC7ZQOhmTQInHEd6bSrXdiEyzCvG07Z44UYdLShWUyXt5M/yhz8ekcb1A==}
    engines: {node: '>=8'}

  signal-exit@3.0.7:
    resolution: {integrity: sha512-wnD2ZE+l+SPC/uoS0vXeE9L1+0wuaMqKlfz9AMUo38JsyLSBWSFcHR1Rri62LZc12vLr1gb3jl7iwQhgwpAbGQ==}

  signal-exit@4.1.0:
    resolution: {integrity: sha512-bzyZ1e88w9O1iNJbKnOlvYTrWPDl46O1bG0D3XInv+9tkPrxrN8jUUTiFlDkkmKWgn1M6CfIA13SuGqOa9Korw==}
    engines: {node: '>=14'}

  smart-buffer@4.2.0:
    resolution: {integrity: sha512-94hK0Hh8rPqQl2xXc3HsaBoOXKV20MToPkcXvwbISWLEs+64sBq5kFgn2kJDHb1Pry9yrP0dxrCI9RRci7RXKg==}
    engines: {node: '>= 6.0.0', npm: '>= 3.0.0'}

  socks-proxy-agent@8.0.5:
    resolution: {integrity: sha512-HehCEsotFqbPW9sJ8WVYB6UbmIMv7kUUORIF2Nncq4VQvBfNBLibW9YZR5dlYCSUhwcD628pRllm7n+E+YTzJw==}
    engines: {node: '>= 14'}

  socks@2.8.7:
    resolution: {integrity: sha512-HLpt+uLy/pxB+bum/9DzAgiKS8CX1EvbWxI4zlmgGCExImLdiad2iCwXT5Z4c9c3Eq8rP2318mPW2c+QbtjK8A==}
    engines: {node: '>= 10.0.0', npm: '>= 3.0.0'}

  sort-keys@4.2.0:
    resolution: {integrity: sha512-aUYIEU/UviqPgc8mHR6IW1EGxkAXpeRETYcrzg8cLAvUPZcpAlleSXHV2mY7G12GphSH6Gzv+4MMVSSkbdteHg==}
    engines: {node: '>=8'}

  split2@3.2.2:
    resolution: {integrity: sha512-9NThjpgZnifTkJpzTZ7Eue85S49QwpNhZTq6GRJwObb6jnLFNGB7Qm73V5HewTROPyxD0C29xqmaI68bQtV+hg==}

  string_decoder@1.3.0:
    resolution: {integrity: sha512-hkRX8U1WjJFd8LsDJ2yQ/wWWxaopEsABU1XfkM8A+j0+85JAGppt16cr1Whg6KIbb4okU6Mql6BOj+uup/wKeA==}

  strip-bom@4.0.0:
    resolution: {integrity: sha512-3xurFv5tEgii33Zi8Jtp55wEIILR9eh34FAW00PZf+JnSsTmV/ioewSgQl97JHvgjoRGwPShsWm+IdrxB35d0w==}
    engines: {node: '>=8'}

  strip-final-newline@2.0.0:
    resolution: {integrity: sha512-BrpvfNAE3dcvq7ll3xVumzjKjZQ5tI1sEUIKr3Uoks0XUl45St3FlatVqef9prk4jRDzhW6WZg+3bk93y6pLjA==}
    engines: {node: '>=6'}

  through2@4.0.2:
    resolution: {integrity: sha512-iOqSav00cVxEEICeD7TjLB1sueEL+81Wpzp2bY17uZjZN0pWZPuo4suZ/61VujxmqSGFfgOcNuTZ85QJwNZQpw==}

  toad-cache@3.7.0:
    resolution: {integrity: sha512-/m8M+2BJUpoJdgAHoG+baCwBT+tf2VraSfkBgl0Y00qIWt41DJ8R5B8nsEw0I58YwF5IZH6z24/2TobDKnqSWw==}
    engines: {node: '>=12'}

  tunnel@0.0.6:
    resolution: {integrity: sha512-1h/Lnq9yajKY2PEbBadPXj3VxsDDu844OnaAo52UVmIzIvwwtBPIuNvkjuzBlTWpfJyUbG3ez0KSBibQkj4ojg==}
    engines: {node: '>=0.6.11 <=0.7.0 || >=0.7.3'}

  typescript@5.9.3:
    resolution: {integrity: sha512-jl1vZzPDinLr9eUt3J/t7V6FgNEw9QjvBPdysz9KfQDD41fQrC2Y4vKQdiaUpFT4bXlb1RHhLpp8wtm6M5TgSw==}
    engines: {node: '>=14.17'}
    hasBin: true

  undici-types@7.16.0:
    resolution: {integrity: sha512-Zz+aZWSj8LE6zoxD+xrjh4VfkIG8Ya6LvYkZqtUQGJPZjYl53ypCaUwWqo7eI0x66KBGeRo+mlBEkMSeSZ38Nw==}

  undici@5.29.0:
    resolution: {integrity: sha512-raqeBD6NQK4SkWhQzeYKd1KmIG6dllBOTt55Rmkt4HtI9mwdWtJljnrXjAFUBLTSN67HWrOIZ3EPF4kjUw80Bg==}
    engines: {node: '>=14.0'}

  universal-github-app-jwt@2.2.2:
    resolution: {integrity: sha512-dcmbeSrOdTnsjGjUfAlqNDJrhxXizjAz94ija9Qw8YkZ1uu0d+GoZzyH+Jb9tIIqvGsadUfwg+22k5aDqqwzbw==}

  universal-user-agent@6.0.1:
    resolution: {integrity: sha512-yCzhz6FN2wU1NiiQRogkTQszlQSlpWaw8SvVegAc+bDxbzHgh1vX8uIe8OYyMH6DwH+sdTJsgMl36+mSMdRJIQ==}

  universal-user-agent@7.0.3:
    resolution: {integrity: sha512-TmnEAEAsBJVZM/AADELsK76llnwcf9vMKuPz8JflO1frO8Lchitr0fNaN9d+Ap0BjKtqWqd/J17qeDnXh8CL2A==}

  util-deprecate@1.0.2:
    resolution: {integrity: sha512-EPD5q1uXyFxJpCrLnCc1nHnq3gOa6DZBocAIiI2TaSCA7VCJ1UJDMagCzIkXNsUYfD1daK//LTEQ8xiIbrHtcw==}

  which@2.0.2:
    resolution: {integrity: sha512-BLI3Tl1TW3Pvl70l3yq3Y64i+awpwXqsGBYWkkqMtnbXgrMD+yj7rhW0kuEDxzJaYXGjEW5ogapKNMEKNMjibA==}
    engines: {node: '>= 8'}
    hasBin: true

  wrappy@1.0.2:
    resolution: {integrity: sha512-l4Sp/DRseor9wL6EvV2+TuQn63dMkPjZ/sp9XkghTEbV9KlPS1xUsZ3u7/IQO4wxtcFB4bgpQPRcR3QCvezPcQ==}

  write-file-atomic@5.0.1:
    resolution: {integrity: sha512-+QU2zd6OTD8XWIJCbffaiQeH9U73qIqafo1x6V1snCWYGJf6cVE0cDR4D8xRzcEnfI21IFrUPzPGtcPf8AC+Rw==}
    engines: {node: ^14.17.0 || ^16.13.0 || >=18.0.0}

  yallist@4.0.0:
    resolution: {integrity: sha512-3wdGidZyq5PB084XLES5TpOSRA3wjXAlIWMhum2kRcv/41Sn2emQ0dycQW4uZXLejwKvg6EsvbdlVL+FYEct7A==}

snapshots:

  '@actions/core@1.11.1':
    dependencies:
      '@actions/exec': 1.1.1
      '@actions/http-client': 2.2.3

  '@actions/exec@1.1.1':
    dependencies:
      '@actions/io': 1.1.3

  '@actions/github-script@https://codeload.github.com/actions/github-script/tar.gz/ed597411d8f924073f98dfc5c65a23a2325f34cd':
    dependencies:
      '@actions/core': 1.11.1
      '@actions/exec': 1.1.1
      '@actions/github': 6.0.1
      '@actions/glob': 0.4.0
      '@actions/io': 1.1.3
      '@octokit/core': 5.2.2
      '@octokit/plugin-request-log': 4.0.1(@octokit/core@5.2.2)
      '@octokit/plugin-retry': 6.1.0(@octokit/core@5.2.2)
      '@types/node': 24.10.1

  '@actions/github@6.0.1':
    dependencies:
      '@actions/http-client': 2.2.3
      '@octokit/core': 5.2.2
      '@octokit/plugin-paginate-rest': 9.2.2(@octokit/core@5.2.2)
      '@octokit/plugin-rest-endpoint-methods': 10.4.1(@octokit/core@5.2.2)
      '@octokit/request': 8.4.1
      '@octokit/request-error': 5.1.1
      undici: 5.29.0

  '@actions/glob@0.4.0':
    dependencies:
      '@actions/core': 1.11.1
      minimatch: 3.1.2

  '@actions/http-client@2.2.3':
    dependencies:
      tunnel: 0.0.6
      undici: 5.29.0

  '@actions/io@1.1.3': {}

  '@fastify/busboy@2.1.1': {}

  '@octokit/app@16.1.2':
    dependencies:
      '@octokit/auth-app': 8.1.2
      '@octokit/auth-unauthenticated': 7.0.3
      '@octokit/core': 7.0.6
      '@octokit/oauth-app': 8.0.3
      '@octokit/plugin-paginate-rest': 14.0.0(@octokit/core@7.0.6)
      '@octokit/types': 16.0.0
      '@octokit/webhooks': 14.1.3

  '@octokit/auth-app@8.1.2':
    dependencies:
      '@octokit/auth-oauth-app': 9.0.3
      '@octokit/auth-oauth-user': 6.0.2
      '@octokit/request': 10.0.7
      '@octokit/request-error': 7.1.0
      '@octokit/types': 16.0.0
      toad-cache: 3.7.0
      universal-github-app-jwt: 2.2.2
      universal-user-agent: 7.0.3

  '@octokit/auth-oauth-app@9.0.3':
    dependencies:
      '@octokit/auth-oauth-device': 8.0.3
      '@octokit/auth-oauth-user': 6.0.2
      '@octokit/request': 10.0.7
      '@octokit/types': 16.0.0
      universal-user-agent: 7.0.3

  '@octokit/auth-oauth-device@8.0.3':
    dependencies:
      '@octokit/oauth-methods': 6.0.2
      '@octokit/request': 10.0.7
      '@octokit/types': 16.0.0
      universal-user-agent: 7.0.3

  '@octokit/auth-oauth-user@6.0.2':
    dependencies:
      '@octokit/auth-oauth-device': 8.0.3
      '@octokit/oauth-methods': 6.0.2
      '@octokit/request': 10.0.7
      '@octokit/types': 16.0.0
      universal-user-agent: 7.0.3

  '@octokit/auth-token@4.0.0': {}

  '@octokit/auth-token@6.0.0': {}

  '@octokit/auth-unauthenticated@7.0.3':
    dependencies:
      '@octokit/request-error': 7.1.0
      '@octokit/types': 16.0.0

  '@octokit/core@5.2.2':
    dependencies:
      '@octokit/auth-token': 4.0.0
      '@octokit/graphql': 7.1.1
      '@octokit/request': 8.4.1
      '@octokit/request-error': 5.1.1
      '@octokit/types': 13.10.0
      before-after-hook: 2.2.3
      universal-user-agent: 6.0.1

  '@octokit/core@7.0.6':
    dependencies:
      '@octokit/auth-token': 6.0.0
      '@octokit/graphql': 9.0.3
      '@octokit/request': 10.0.7
      '@octokit/request-error': 7.1.0
      '@octokit/types': 16.0.0
      before-after-hook: 4.0.0
      universal-user-agent: 7.0.3

  '@octokit/endpoint@11.0.2':
    dependencies:
      '@octokit/types': 16.0.0
      universal-user-agent: 7.0.3

  '@octokit/endpoint@9.0.6':
    dependencies:
      '@octokit/types': 13.10.0
      universal-user-agent: 6.0.1

  '@octokit/graphql@7.1.1':
    dependencies:
      '@octokit/request': 8.4.1
      '@octokit/types': 13.10.0
      universal-user-agent: 6.0.1

  '@octokit/graphql@9.0.3':
    dependencies:
      '@octokit/request': 10.0.7
      '@octokit/types': 16.0.0
      universal-user-agent: 7.0.3

  '@octokit/oauth-app@8.0.3':
    dependencies:
      '@octokit/auth-oauth-app': 9.0.3
      '@octokit/auth-oauth-user': 6.0.2
      '@octokit/auth-unauthenticated': 7.0.3
      '@octokit/core': 7.0.6
      '@octokit/oauth-authorization-url': 8.0.0
      '@octokit/oauth-methods': 6.0.2
      '@types/aws-lambda': 8.10.159
      universal-user-agent: 7.0.3

  '@octokit/oauth-authorization-url@8.0.0': {}

  '@octokit/oauth-methods@6.0.2':
    dependencies:
      '@octokit/oauth-authorization-url': 8.0.0
      '@octokit/request': 10.0.7
      '@octokit/request-error': 7.1.0
      '@octokit/types': 16.0.0

  '@octokit/openapi-types@20.0.0': {}

  '@octokit/openapi-types@24.2.0': {}

  '@octokit/openapi-types@27.0.0': {}

  '@octokit/openapi-webhooks-types@12.0.3': {}

  '@octokit/plugin-paginate-graphql@6.0.0(@octokit/core@7.0.6)':
    dependencies:
      '@octokit/core': 7.0.6

  '@octokit/plugin-paginate-rest@14.0.0(@octokit/core@7.0.6)':
    dependencies:
      '@octokit/core': 7.0.6
      '@octokit/types': 16.0.0

  '@octokit/plugin-paginate-rest@9.2.2(@octokit/core@5.2.2)':
    dependencies:
      '@octokit/core': 5.2.2
      '@octokit/types': 12.6.0

  '@octokit/plugin-request-log@4.0.1(@octokit/core@5.2.2)':
    dependencies:
      '@octokit/core': 5.2.2

  '@octokit/plugin-rest-endpoint-methods@10.4.1(@octokit/core@5.2.2)':
    dependencies:
      '@octokit/core': 5.2.2
      '@octokit/types': 12.6.0

  '@octokit/plugin-rest-endpoint-methods@17.0.0(@octokit/core@7.0.6)':
    dependencies:
      '@octokit/core': 7.0.6
      '@octokit/types': 16.0.0

  '@octokit/plugin-retry@6.1.0(@octokit/core@5.2.2)':
    dependencies:
      '@octokit/core': 5.2.2
      '@octokit/request-error': 5.1.1
      '@octokit/types': 13.10.0
      bottleneck: 2.19.5

  '@octokit/plugin-retry@8.0.3(@octokit/core@7.0.6)':
    dependencies:
      '@octokit/core': 7.0.6
      '@octokit/request-error': 7.1.0
      '@octokit/types': 16.0.0
      bottleneck: 2.19.5

  '@octokit/plugin-throttling@11.0.3(@octokit/core@7.0.6)':
    dependencies:
      '@octokit/core': 7.0.6
      '@octokit/types': 16.0.0
      bottleneck: 2.19.5

  '@octokit/request-error@5.1.1':
    dependencies:
      '@octokit/types': 13.10.0
      deprecation: 2.3.1
      once: 1.4.0

  '@octokit/request-error@7.1.0':
    dependencies:
      '@octokit/types': 16.0.0

  '@octokit/request@10.0.7':
    dependencies:
      '@octokit/endpoint': 11.0.2
      '@octokit/request-error': 7.1.0
      '@octokit/types': 16.0.0
      fast-content-type-parse: 3.0.0
      universal-user-agent: 7.0.3

  '@octokit/request@8.4.1':
    dependencies:
      '@octokit/endpoint': 9.0.6
      '@octokit/request-error': 5.1.1
      '@octokit/types': 13.10.0
      universal-user-agent: 6.0.1

  '@octokit/types@12.6.0':
    dependencies:
      '@octokit/openapi-types': 20.0.0

  '@octokit/types@13.10.0':
    dependencies:
      '@octokit/openapi-types': 24.2.0

  '@octokit/types@16.0.0':
    dependencies:
      '@octokit/openapi-types': 27.0.0

  '@octokit/webhooks-methods@6.0.0': {}

  '@octokit/webhooks@14.1.3':
    dependencies:
      '@octokit/openapi-webhooks-types': 12.0.3
      '@octokit/request-error': 7.1.0
      '@octokit/webhooks-methods': 6.0.0

  '@pnpm/config.nerf-dart@1.0.1': {}

  '@pnpm/constants@1001.3.1': {}

  '@pnpm/constants@8.0.0': {}

  '@pnpm/core-loggers@10.0.4(@pnpm/logger@5.2.0)':
    dependencies:
      '@pnpm/logger': 5.2.0
      '@pnpm/types': 11.1.0

  '@pnpm/crypto.base32-hash@3.0.0':
    dependencies:
      rfc4648: 1.5.4

  '@pnpm/dependency-path@5.1.3':
    dependencies:
      '@pnpm/crypto.base32-hash': 3.0.0
      '@pnpm/types': 11.1.0
      semver: 7.7.3

  '@pnpm/error@1000.0.5':
    dependencies:
      '@pnpm/constants': 1001.3.1

  '@pnpm/error@6.0.1':
    dependencies:
      '@pnpm/constants': 8.0.0

  '@pnpm/fetch@8.0.4(@pnpm/logger@5.2.0)':
    dependencies:
      '@pnpm/core-loggers': 10.0.4(@pnpm/logger@5.2.0)
      '@pnpm/fetching-types': 6.0.0
      '@pnpm/logger': 5.2.0
      '@pnpm/network.agent': 2.0.3
      '@pnpm/types': 11.1.0
      '@zkochan/retry': 0.2.0
      node-fetch: '@pnpm/node-fetch@1.0.0'
    transitivePeerDependencies:
      - domexception
      - supports-color

  '@pnpm/fetching-types@6.0.0':
    dependencies:
      '@zkochan/retry': 0.2.0
      node-fetch: '@pnpm/node-fetch@1.0.0'
    transitivePeerDependencies:
      - domexception

  '@pnpm/git-resolver@9.0.5(@pnpm/logger@5.2.0)':
    dependencies:
      '@pnpm/fetch': 8.0.4(@pnpm/logger@5.2.0)
      '@pnpm/resolver-base': 13.0.1
      graceful-git: 4.0.0
      hosted-git-info: '@pnpm/hosted-git-info@1.0.0'
      semver: 7.7.3
    transitivePeerDependencies:
      - '@pnpm/logger'
      - domexception
      - supports-color

  '@pnpm/git-utils@2.0.0':
    dependencies:
      execa: safe-execa@0.1.2

  '@pnpm/hosted-git-info@1.0.0':
    dependencies:
      lru-cache: 6.0.0

  '@pnpm/lockfile-file@9.1.3(@pnpm/logger@5.2.0)':
    dependencies:
      '@pnpm/constants': 8.0.0
      '@pnpm/dependency-path': 5.1.3
      '@pnpm/error': 6.0.1
      '@pnpm/git-resolver': 9.0.5(@pnpm/logger@5.2.0)
      '@pnpm/git-utils': 2.0.0
      '@pnpm/lockfile-types': 7.1.3
      '@pnpm/lockfile-utils': 11.0.4
      '@pnpm/logger': 5.2.0
      '@pnpm/merge-lockfile-changes': 6.0.5
      '@pnpm/types': 11.1.0
      '@pnpm/util.lex-comparator': 3.0.0
      '@zkochan/rimraf': 3.0.2
      comver-to-semver: 1.0.0
      js-yaml: '@zkochan/js-yaml@0.0.7'
      normalize-path: 3.0.0
      ramda: '@pnpm/ramda@0.28.1'
      semver: 7.7.3
      sort-keys: 4.2.0
      strip-bom: 4.0.0
      write-file-atomic: 5.0.1
    transitivePeerDependencies:
      - domexception
      - supports-color

  '@pnpm/lockfile-types@7.1.3':
    dependencies:
      '@pnpm/types': 11.1.0

  '@pnpm/lockfile-utils@11.0.4':
    dependencies:
      '@pnpm/dependency-path': 5.1.3
      '@pnpm/lockfile-types': 7.1.3
      '@pnpm/pick-fetcher': 3.0.0
      '@pnpm/resolver-base': 13.0.1
      '@pnpm/types': 11.1.0
      get-npm-tarball-url: 2.1.0
      ramda: '@pnpm/ramda@0.28.1'

  '@pnpm/logger@5.2.0':
    dependencies:
      bole: 5.0.22
      ndjson: 2.0.0

  '@pnpm/merge-lockfile-changes@6.0.5':
    dependencies:
      '@pnpm/lockfile-types': 7.1.3
      '@pnpm/types': 11.1.0
      comver-to-semver: 1.0.0
      ramda: '@pnpm/ramda@0.28.1'
      semver: 7.7.3

  '@pnpm/network.agent@2.0.3':
    dependencies:
      '@pnpm/network.config': 2.1.0
      '@pnpm/network.proxy-agent': 2.0.3
      agentkeepalive: 4.6.0
      lru-cache: 7.18.3
    transitivePeerDependencies:
      - supports-color

  '@pnpm/network.config@2.1.0':
    dependencies:
      '@pnpm/config.nerf-dart': 1.0.1

  '@pnpm/network.proxy-agent@2.0.3':
    dependencies:
      '@pnpm/error': 1000.0.5
      http-proxy-agent: 7.0.2
      https-proxy-agent: 7.0.6
      lru-cache: 7.18.3
      socks-proxy-agent: 8.0.5
    transitivePeerDependencies:
      - supports-color

  '@pnpm/node-fetch@1.0.0':
    dependencies:
      data-uri-to-buffer: 3.0.1
      fetch-blob: 2.1.2
    transitivePeerDependencies:
      - domexception

  '@pnpm/pick-fetcher@3.0.0': {}

  '@pnpm/ramda@0.28.1': {}

  '@pnpm/resolver-base@13.0.1':
    dependencies:
      '@pnpm/types': 11.1.0

  '@pnpm/types@11.1.0': {}

  '@pnpm/util.lex-comparator@3.0.0': {}

  '@types/aws-lambda@8.10.159': {}

  '@types/node@24.10.1':
    dependencies:
      undici-types: 7.16.0

  '@types/semver@7.7.1': {}

  '@zkochan/js-yaml@0.0.7':
    dependencies:
      argparse: 2.0.1

  '@zkochan/retry@0.2.0': {}

  '@zkochan/rimraf@3.0.2': {}

  '@zkochan/which@2.0.3':
    dependencies:
      isexe: 2.0.0

  agent-base@7.1.4: {}

  agentkeepalive@4.6.0:
    dependencies:
      humanize-ms: 1.2.1

  argparse@2.0.1: {}

  balanced-match@1.0.2: {}

  before-after-hook@2.2.3: {}

  before-after-hook@4.0.0: {}

  bole@5.0.22:
    dependencies:
      fast-safe-stringify: 2.1.1
      individual: 3.0.0

  bottleneck@2.19.5: {}

  brace-expansion@1.1.12:
    dependencies:
      balanced-match: 1.0.2
      concat-map: 0.0.1

  comver-to-semver@1.0.0: {}

  concat-map@0.0.1: {}

  cross-spawn@7.0.6:
    dependencies:
      path-key: 3.1.1
      shebang-command: 2.0.0
      which: 2.0.2

  csv-parse@6.1.0: {}

  data-uri-to-buffer@3.0.1: {}

  debug@4.4.3:
    dependencies:
      ms: 2.1.3

  deprecation@2.3.1: {}

  execa@5.1.1:
    dependencies:
      cross-spawn: 7.0.6
      get-stream: 6.0.1
      human-signals: 2.1.0
      is-stream: 2.0.1
      merge-stream: 2.0.0
      npm-run-path: 4.0.1
      onetime: 5.1.2
      signal-exit: 3.0.7
      strip-final-newline: 2.0.0

  fast-content-type-parse@3.0.0: {}

  fast-safe-stringify@2.1.1: {}

  fetch-blob@2.1.2: {}

  get-npm-tarball-url@2.1.0: {}

  get-stream@6.0.1: {}

  graceful-git@4.0.0:
    dependencies:
      retry: 0.13.1
      safe-execa: 0.1.4

  http-proxy-agent@7.0.2:
    dependencies:
      agent-base: 7.1.4
      debug: 4.4.3
    transitivePeerDependencies:
      - supports-color

  https-proxy-agent@7.0.6:
    dependencies:
      agent-base: 7.1.4
      debug: 4.4.3
    transitivePeerDependencies:
      - supports-color

  human-signals@2.1.0: {}

  humanize-ms@1.2.1:
    dependencies:
      ms: 2.1.3

  husky@9.1.7: {}

  imurmurhash@0.1.4: {}

  individual@3.0.0: {}

  inherits@2.0.4: {}

  ip-address@10.1.0: {}

  is-plain-obj@2.1.0: {}

  is-stream@2.0.1: {}

  isexe@2.0.0: {}

  json-stringify-safe@5.0.1: {}

  lru-cache@6.0.0:
    dependencies:
      yallist: 4.0.0

  lru-cache@7.18.3: {}

  merge-stream@2.0.0: {}

  mimic-fn@2.1.0: {}

  minimatch@3.1.2:
    dependencies:
      brace-expansion: 1.1.12

  minimist@1.2.8: {}

  ms@2.1.3: {}

  ndjson@2.0.0:
    dependencies:
      json-stringify-safe: 5.0.1
      minimist: 1.2.8
      readable-stream: 3.6.2
      split2: 3.2.2
      through2: 4.0.2

  normalize-path@3.0.0: {}

  npm-run-path@4.0.1:
    dependencies:
      path-key: 3.1.1

  octokit@5.0.5:
    dependencies:
      '@octokit/app': 16.1.2
      '@octokit/core': 7.0.6
      '@octokit/oauth-app': 8.0.3
      '@octokit/plugin-paginate-graphql': 6.0.0(@octokit/core@7.0.6)
      '@octokit/plugin-paginate-rest': 14.0.0(@octokit/core@7.0.6)
      '@octokit/plugin-rest-endpoint-methods': 17.0.0(@octokit/core@7.0.6)
      '@octokit/plugin-retry': 8.0.3(@octokit/core@7.0.6)
      '@octokit/plugin-throttling': 11.0.3(@octokit/core@7.0.6)
      '@octokit/request-error': 7.1.0
      '@octokit/types': 16.0.0
      '@octokit/webhooks': 14.1.3

  once@1.4.0:
    dependencies:
      wrappy: 1.0.2

  onetime@5.1.2:
    dependencies:
      mimic-fn: 2.1.0

  path-key@3.1.1: {}

  path-name@1.0.0: {}

  prettier@3.6.2: {}

  readable-stream@3.6.2:
    dependencies:
      inherits: 2.0.4
      string_decoder: 1.3.0
      util-deprecate: 1.0.2

  retry@0.13.1: {}

  rfc4648@1.5.4: {}

  safe-buffer@5.2.1: {}

  safe-execa@0.1.2:
    dependencies:
      '@zkochan/which': 2.0.3
      execa: 5.1.1
      path-name: 1.0.0

  safe-execa@0.1.4:
    dependencies:
      '@zkochan/which': 2.0.3
      execa: 5.1.1
      path-name: 1.0.0

  semver@7.7.3: {}

  shebang-command@2.0.0:
    dependencies:
      shebang-regex: 3.0.0

  shebang-regex@3.0.0: {}

  signal-exit@3.0.7: {}

  signal-exit@4.1.0: {}

  smart-buffer@4.2.0: {}

  socks-proxy-agent@8.0.5:
    dependencies:
      agent-base: 7.1.4
      debug: 4.4.3
      socks: 2.8.7
    transitivePeerDependencies:
      - supports-color

  socks@2.8.7:
    dependencies:
      ip-address: 10.1.0
      smart-buffer: 4.2.0

  sort-keys@4.2.0:
    dependencies:
      is-plain-obj: 2.1.0

  split2@3.2.2:
    dependencies:
      readable-stream: 3.6.2

  string_decoder@1.3.0:
    dependencies:
      safe-buffer: 5.2.1

  strip-bom@4.0.0: {}

  strip-final-newline@2.0.0: {}

  through2@4.0.2:
    dependencies:
      readable-stream: 3.6.2

  toad-cache@3.7.0: {}

  tunnel@0.0.6: {}

  typescript@5.9.3: {}

  undici-types@7.16.0: {}

  undici@5.29.0:
    dependencies:
      '@fastify/busboy': 2.1.1

  universal-github-app-jwt@2.2.2: {}

  universal-user-agent@6.0.1: {}

  universal-user-agent@7.0.3: {}

  util-deprecate@1.0.2: {}

  which@2.0.2:
    dependencies:
      isexe: 2.0.0

  wrappy@1.0.2: {}

  write-file-atomic@5.0.1:
    dependencies:
      imurmurhash: 0.1.4
      signal-exit: 4.1.0

  yallist@4.0.0: {}
